
Microsoft Visual Studio Solution File, Format Version 12.00
# Visual Studio Version 17
VisualStudioVersion = 17.14.36414.22 d17.14
MinimumVisualStudioVersion = 10.0.40219.1
Project("{FAE04EC0-301F-11D3-BF4B-00C04F79EFBC}") = "QuanLyCuaHangDoAnNhanh", "QuanLyCuaHangDoAnNhanh.csproj", "{8EC7400B-DBD5-4C01-A603-747BBFCFACCE}"
EndProject
Global
	GlobalSection(SolutionConfigurationPlatforms) = preSolution
		Debug|Any CPU = Debug|Any CPU
		Release|Any CPU = Release|Any CPU
	EndGlobalSection
	GlobalSection(ProjectConfigurationPlatforms) = postSolution
		{8EC7400B-DBD5-4C01-A603-747BBFCFACCE}.Debug|Any CPU.ActiveCfg = Debug|Any CPU
		{8EC7400B-DBD5-4C01-A603-747BBFCFACCE}.Debug|Any CPU.Build.0 = Debug|Any CPU
		{8EC7400B-DBD5-4C01-A603-747BBFCFACCE}.Release|Any CPU.ActiveCfg = Release|Any CPU
		{8EC7400B-DBD5-4C01-A603-747BBFCFACCE}.Release|Any CPU.Build.0 = Release|Any CPU
	EndGlobalSection
	GlobalSection(SolutionProperties) = preSolution
		HideSolutionNode = FALSE
	EndGlobalSection
	GlobalSection(ExtensibilityGlobals) = postSolution
		SolutionGuid = {A26CEFCF-ABCA-4674-B8AE-720389399CB3}
	EndGlobalSection
EndGlobal
